
Microsoft Visual Studio Solution File, Format Version 12.00
# Visual Studio Version 16
VisualStudioVersion = 16.0.31424.327
MinimumVisualStudioVersion = 10.0.40219.1
Project("{888888A0-9F3D-457C-B088-3A5042F75D52}") = "beleefdheid", "beleefdheid\beleefdheid.pyproj", "{DD6C4BB1-A8FA-4148-B2B0-C5590AE7FC93}"
EndProject
Project("{2150E333-8FDC-42A3-9474-1A3956D46DE8}") = "Solution Items", "Solution Items", "{9DD7A253-6125-447E-BD18-C0A8CD25623B}"
	ProjectSection(SolutionItems) = preProject
		.editorconfig = .editorconfig
	EndProjectSection
EndProject
Global
	GlobalSection(SolutionConfigurationPlatforms) = preSolution
		Debug|Any CPU = Debug|Any CPU
		Release|Any CPU = Release|Any CPU
	EndGlobalSection
	GlobalSection(ProjectConfigurationPlatforms) = postSolution
		{DD6C4BB1-A8FA-4148-B2B0-C5590AE7FC93}.Debug|Any CPU.ActiveCfg = Debug|Any CPU
		{DD6C4BB1-A8FA-4148-B2B0-C5590AE7FC93}.Release|Any CPU.ActiveCfg = Release|Any CPU
	EndGlobalSection
	GlobalSection(SolutionProperties) = preSolution
		HideSolutionNode = FALSE
	EndGlobalSection
	GlobalSection(ExtensibilityGlobals) = postSolution
		SolutionGuid = {77A8A012-5FEA-4A65-880D-22D0DFBAC45D}
	EndGlobalSection
EndGlobal
